<?xml version="1.0" encoding="utf-8"?>
<Project ToolsVersion="4.0" xmlns="http://schemas.microsoft.com/developer/msbuild/2003">
  <ItemGroup>
    <Filter Include="源文件">
      <UniqueIdentifier>{4FC737F1-C7A5-4376-A066-2A32D752A2FF}</UniqueIdentifier>
      <Extensions>cpp;c;cc;cxx;c++;cppm;ixx;def;odl;idl;hpj;bat;asm;asmx</Extensions>
    </Filter>
    <Filter Include="头文件">
      <UniqueIdentifier>{93995380-89BD-4b04-88EB-625FBE52EBFB}</UniqueIdentifier>
      <Extensions>h;hh;hpp;hxx;h++;hm;inl;inc;ipp;xsd</Extensions>
    </Filter>
    <Filter Include="资源文件">
      <UniqueIdentifier>{67DA6AB6-F800-4c08-8B7A-83BB121AAD01}</UniqueIdentifier>
      <Extensions>rc;ico;cur;bmp;dlg;rc2;rct;bin;rgs;gif;jpg;jpeg;jpe;resx;tiff;tif;png;wav;mfcribbon-ms</Extensions>
    </Filter>
  </ItemGroup>
  <ItemGroup>
    <ClCompile Include="..\..\..\gmime\gmime\gmime-autocrypt.c">
      <Filter>源文件</Filter>
    </ClCompile>
    <ClCompile Include="..\..\..\gmime\gmime\gmime-filter-checksum.c">
      <Filter>源文件</Filter>
    </ClCompile>
    <ClCompile Include="..\..\..\gmime\gmime\gmime-filter-openpgp.c">
      <Filter>源文件</Filter>
    </ClCompile>
    <ClCompile Include="..\..\..\gmime\gmime\gmime-filter-smtp-data.c">
      <Filter>源文件</Filter>
    </ClCompile>
    <ClCompile Include="..\..\..\gmime\gmime\gmime-pkcs7-context.c">
      <Filter>源文件</Filter>
    </ClCompile>
    <ClCompile Include="..\..\..\gmime\gmime\gmime-references.c">
      <Filter>源文件</Filter>
    </ClCompile>
    <ClCompile Include="..\..\..\gmime\util\gtrie.c">
      <Filter>源文件</Filter>
    </ClCompile>
    <ClCompile Include="..\..\..\gmime\util\packed.c">
      <Filter>源文件</Filter>
    </ClCompile>
    <ClCompile Include="..\..\..\gmime\util\url-scanner.c">
      <Filter>源文件</Filter>
    </ClCompile>
    <ClCompile Include="..\..\..\gmime\gmime\gmime-application-pkcs7-mime.c">
      <Filter>源文件</Filter>
    </ClCompile>
    <ClCompile Include="..\..\..\gmime\gmime\gmime-certificate.c">
      <Filter>源文件</Filter>
    </ClCompile>
    <ClCompile Include="..\..\..\gmime\gmime\gmime-charset.c">
      <Filter>源文件</Filter>
    </ClCompile>
    <ClCompile Include="..\..\..\gmime\gmime\gmime-common.c">
      <Filter>源文件</Filter>
    </ClCompile>
    <ClCompile Include="..\..\..\gmime\gmime\gmime-content-type.c">
      <Filter>源文件</Filter>
    </ClCompile>
    <ClCompile Include="..\..\..\gmime\gmime\gmime-crypto-context.c">
      <Filter>源文件</Filter>
    </ClCompile>
    <ClCompile Include="..\..\..\gmime\gmime\gmime-data-wrapper.c">
      <Filter>源文件</Filter>
    </ClCompile>
    <ClCompile Include="..\..\..\gmime\gmime\gmime-disposition.c">
      <Filter>源文件</Filter>
    </ClCompile>
    <ClCompile Include="..\..\..\gmime\gmime\gmime-encodings.c">
      <Filter>源文件</Filter>
    </ClCompile>
    <ClCompile Include="..\..\..\gmime\gmime\gmime-events.c">
      <Filter>源文件</Filter>
    </ClCompile>
    <ClCompile Include="..\..\..\gmime\gmime\gmime-filter-basic.c">
      <Filter>源文件</Filter>
    </ClCompile>
    <ClCompile Include="..\..\..\gmime\gmime\gmime-filter-best.c">
      <Filter>源文件</Filter>
    </ClCompile>
    <ClCompile Include="..\..\..\gmime\gmime\gmime-filter-charset.c">
      <Filter>源文件</Filter>
    </ClCompile>
    <ClCompile Include="..\..\..\gmime\gmime\gmime-filter-dos2unix.c">
      <Filter>源文件</Filter>
    </ClCompile>
    <ClCompile Include="..\..\..\gmime\gmime\gmime-filter-enriched.c">
      <Filter>源文件</Filter>
    </ClCompile>
    <ClCompile Include="..\..\..\gmime\gmime\gmime-filter-from.c">
      <Filter>源文件</Filter>
    </ClCompile>
    <ClCompile Include="..\..\..\gmime\gmime\gmime-filter-gzip.c">
      <Filter>源文件</Filter>
    </ClCompile>
    <ClCompile Include="..\..\..\gmime\gmime\gmime-filter-html.c">
      <Filter>源文件</Filter>
    </ClCompile>
    <ClCompile Include="..\..\..\gmime\gmime\gmime-filter-strip.c">
      <Filter>源文件</Filter>
    </ClCompile>
    <ClCompile Include="..\..\..\gmime\gmime\gmime-filter-unix2dos.c">
      <Filter>源文件</Filter>
    </ClCompile>
    <ClCompile Include="..\..\..\gmime\gmime\gmime-filter-windows.c">
      <Filter>源文件</Filter>
    </ClCompile>
    <ClCompile Include="..\..\..\gmime\gmime\gmime-filter-yenc.c">
      <Filter>源文件</Filter>
    </ClCompile>
    <ClCompile Include="..\..\..\gmime\gmime\gmime-filter.c">
      <Filter>源文件</Filter>
    </ClCompile>
    <ClCompile Include="..\..\..\gmime\gmime\gmime-format-options.c">
      <Filter>源文件</Filter>
    </ClCompile>
    <ClCompile Include="..\..\..\gmime\gmime\gmime-gpg-context.c">
      <Filter>源文件</Filter>
    </ClCompile>
    <ClCompile Include="..\..\..\gmime\gmime\gmime-gpgme-utils.c">
      <Filter>源文件</Filter>
    </ClCompile>
    <ClCompile Include="..\..\..\gmime\gmime\gmime-header.c">
      <Filter>源文件</Filter>
    </ClCompile>
    <ClCompile Include="..\..\..\gmime\gmime\gmime-iconv-utils.c">
      <Filter>源文件</Filter>
    </ClCompile>
    <ClCompile Include="..\..\..\gmime\gmime\gmime-iconv.c">
      <Filter>源文件</Filter>
    </ClCompile>
    <ClCompile Include="..\..\..\gmime\gmime\gmime-message-part.c">
      <Filter>源文件</Filter>
    </ClCompile>
    <ClCompile Include="..\..\..\gmime\gmime\gmime-message-partial.c">
      <Filter>源文件</Filter>
    </ClCompile>
    <ClCompile Include="..\..\..\gmime\gmime\gmime-message.c">
      <Filter>源文件</Filter>
    </ClCompile>
    <ClCompile Include="..\..\..\gmime\gmime\gmime-multipart-encrypted.c">
      <Filter>源文件</Filter>
    </ClCompile>
    <ClCompile Include="..\..\..\gmime\gmime\gmime-multipart-signed.c">
      <Filter>源文件</Filter>
    </ClCompile>
    <ClCompile Include="..\..\..\gmime\gmime\gmime-multipart.c">
      <Filter>源文件</Filter>
    </ClCompile>
    <ClCompile Include="..\..\..\gmime\gmime\gmime-object.c">
      <Filter>源文件</Filter>
    </ClCompile>
    <ClCompile Include="..\..\..\gmime\gmime\gmime-param.c">
      <Filter>源文件</Filter>
    </ClCompile>
    <ClCompile Include="..\..\..\gmime\gmime\gmime-parse-utils.c">
      <Filter>源文件</Filter>
    </ClCompile>
    <ClCompile Include="..\..\..\gmime\gmime\gmime-parser-options.c">
      <Filter>源文件</Filter>
    </ClCompile>
    <ClCompile Include="..\..\..\gmime\gmime\gmime-parser.c">
      <Filter>源文件</Filter>
    </ClCompile>
    <ClCompile Include="..\..\..\gmime\gmime\gmime-part-iter.c">
      <Filter>源文件</Filter>
    </ClCompile>
    <ClCompile Include="..\..\..\gmime\gmime\gmime-part.c">
      <Filter>源文件</Filter>
    </ClCompile>
    <ClCompile Include="..\..\..\gmime\gmime\gmime-signature.c">
      <Filter>源文件</Filter>
    </ClCompile>
    <ClCompile Include="..\..\..\gmime\gmime\gmime-stream-buffer.c">
      <Filter>源文件</Filter>
    </ClCompile>
    <ClCompile Include="..\..\..\gmime\gmime\gmime-stream-cat.c">
      <Filter>源文件</Filter>
    </ClCompile>
    <ClCompile Include="..\..\..\gmime\gmime\gmime-stream-file.c">
      <Filter>源文件</Filter>
    </ClCompile>
    <ClCompile Include="..\..\..\gmime\gmime\gmime-stream-filter.c">
      <Filter>源文件</Filter>
    </ClCompile>
    <ClCompile Include="..\..\..\gmime\gmime\gmime-stream-fs.c">
      <Filter>源文件</Filter>
    </ClCompile>
    <ClCompile Include="..\..\..\gmime\gmime\gmime-stream-gio.c">
      <Filter>源文件</Filter>
    </ClCompile>
    <ClCompile Include="..\..\..\gmime\gmime\gmime-stream-mem.c">
      <Filter>源文件</Filter>
    </ClCompile>
    <ClCompile Include="..\..\..\gmime\gmime\gmime-stream-mmap.c">
      <Filter>源文件</Filter>
    </ClCompile>
    <ClCompile Include="..\..\..\gmime\gmime\gmime-stream-null.c">
      <Filter>源文件</Filter>
    </ClCompile>
    <ClCompile Include="..\..\..\gmime\gmime\gmime-stream-pipe.c">
      <Filter>源文件</Filter>
    </ClCompile>
    <ClCompile Include="..\..\..\gmime\gmime\gmime-stream.c">
      <Filter>源文件</Filter>
    </ClCompile>
    <ClCompile Include="..\..\..\gmime\gmime\gmime-text-part.c">
      <Filter>源文件</Filter>
    </ClCompile>
    <ClCompile Include="..\..\..\gmime\gmime\gmime-utils.c">
      <Filter>源文件</Filter>
    </ClCompile>
    <ClCompile Include="..\..\..\gmime\gmime\gmime.c">
      <Filter>源文件</Filter>
    </ClCompile>
    <ClCompile Include="..\..\..\gmime\gmime\internet-address.c">
      <Filter>源文件</Filter>
    </ClCompile>
  </ItemGroup>
  <ItemGroup>
    <ClInclude Include="..\..\..\gmime\gmime\gmime-autocrypt.h">
      <Filter>头文件</Filter>
    </ClInclude>
    <ClInclude Include="..\..\..\gmime\gmime\gmime-filter-checksum.h">
      <Filter>头文件</Filter>
    </ClInclude>
    <ClInclude Include="..\..\..\gmime\gmime\gmime-filter-openpgp.h">
      <Filter>头文件</Filter>
    </ClInclude>
    <ClInclude Include="..\..\..\gmime\gmime\gmime-filter-smtp-data.h">
      <Filter>头文件</Filter>
    </ClInclude>
    <ClInclude Include="..\..\..\gmime\gmime\gmime-references.h">
      <Filter>头文件</Filter>
    </ClInclude>
    <ClInclude Include="..\..\..\gmime\util\gtrie.h">
      <Filter>头文件</Filter>
    </ClInclude>
    <ClInclude Include="..\..\..\gmime\util\packed.h">
      <Filter>头文件</Filter>
    </ClInclude>
    <ClInclude Include="..\..\..\gmime\util\url-scanner.h">
      <Filter>头文件</Filter>
    </ClInclude>
    <ClInclude Include="..\..\..\gmime\gmime\gmime-application-pkcs7-mime.h">
      <Filter>头文件</Filter>
    </ClInclude>
    <ClInclude Include="..\..\..\gmime\gmime\gmime-certificate.h">
      <Filter>头文件</Filter>
    </ClInclude>
    <ClInclude Include="..\..\..\gmime\gmime\gmime-charset-map-private.h">
      <Filter>头文件</Filter>
    </ClInclude>
    <ClInclude Include="..\..\..\gmime\gmime\gmime-charset.h">
      <Filter>头文件</Filter>
    </ClInclude>
    <ClInclude Include="..\..\..\gmime\gmime\gmime-common.h">
      <Filter>头文件</Filter>
    </ClInclude>
    <ClInclude Include="..\..\..\gmime\gmime\gmime-content-type.h">
      <Filter>头文件</Filter>
    </ClInclude>
    <ClInclude Include="..\..\..\gmime\gmime\gmime-crypto-context.h">
      <Filter>头文件</Filter>
    </ClInclude>
    <ClInclude Include="..\..\..\gmime\gmime\gmime-data-wrapper.h">
      <Filter>头文件</Filter>
    </ClInclude>
    <ClInclude Include="..\..\..\gmime\gmime\gmime-disposition.h">
      <Filter>头文件</Filter>
    </ClInclude>
    <ClInclude Include="..\..\..\gmime\gmime\gmime-encodings.h">
      <Filter>头文件</Filter>
    </ClInclude>
    <ClInclude Include="..\..\..\gmime\gmime\gmime-error.h">
      <Filter>头文件</Filter>
    </ClInclude>
    <ClInclude Include="..\..\..\gmime\gmime\gmime-events.h">
      <Filter>头文件</Filter>
    </ClInclude>
    <ClInclude Include="..\..\..\gmime\gmime\gmime-filter-basic.h">
      <Filter>头文件</Filter>
    </ClInclude>
    <ClInclude Include="..\..\..\gmime\gmime\gmime-filter-best.h">
      <Filter>头文件</Filter>
    </ClInclude>
    <ClInclude Include="..\..\..\gmime\gmime\gmime-filter-charset.h">
      <Filter>头文件</Filter>
    </ClInclude>
    <ClInclude Include="..\..\..\gmime\gmime\gmime-filter-dos2unix.h">
      <Filter>头文件</Filter>
    </ClInclude>
    <ClInclude Include="..\..\..\gmime\gmime\gmime-filter-enriched.h">
      <Filter>头文件</Filter>
    </ClInclude>
    <ClInclude Include="..\..\..\gmime\gmime\gmime-filter-from.h">
      <Filter>头文件</Filter>
    </ClInclude>
    <ClInclude Include="..\..\..\gmime\gmime\gmime-filter-gzip.h">
      <Filter>头文件</Filter>
    </ClInclude>
    <ClInclude Include="..\..\..\gmime\gmime\gmime-filter-html.h">
      <Filter>头文件</Filter>
    </ClInclude>
    <ClInclude Include="..\..\..\gmime\gmime\gmime-filter-strip.h">
      <Filter>头文件</Filter>
    </ClInclude>
    <ClInclude Include="..\..\..\gmime\gmime\gmime-filter-unix2dos.h">
      <Filter>头文件</Filter>
    </ClInclude>
    <ClInclude Include="..\..\..\gmime\gmime\gmime-filter-windows.h">
      <Filter>头文件</Filter>
    </ClInclude>
    <ClInclude Include="..\..\..\gmime\gmime\gmime-filter-yenc.h">
      <Filter>头文件</Filter>
    </ClInclude>
    <ClInclude Include="..\..\..\gmime\gmime\gmime-filter.h">
      <Filter>头文件</Filter>
    </ClInclude>
    <ClInclude Include="..\..\..\gmime\gmime\gmime-format-options.h">
      <Filter>头文件</Filter>
    </ClInclude>
    <ClInclude Include="..\..\..\gmime\gmime\gmime-gpg-context.h">
      <Filter>头文件</Filter>
    </ClInclude>
    <ClInclude Include="..\..\..\gmime\gmime\gmime-gpgme-utils.h">
      <Filter>头文件</Filter>
    </ClInclude>
    <ClInclude Include="..\..\..\gmime\gmime\gmime-header.h">
      <Filter>头文件</Filter>
    </ClInclude>
    <ClInclude Include="..\..\..\gmime\gmime\gmime-iconv-utils.h">
      <Filter>头文件</Filter>
    </ClInclude>
    <ClInclude Include="..\..\..\gmime\gmime\gmime-iconv.h">
      <Filter>头文件</Filter>
    </ClInclude>
    <ClInclude Include="..\..\..\gmime\gmime\gmime-internal.h">
      <Filter>头文件</Filter>
    </ClInclude>
    <ClInclude Include="..\..\..\gmime\gmime\gmime-message-part.h">
      <Filter>头文件</Filter>
    </ClInclude>
    <ClInclude Include="..\..\..\gmime\gmime\gmime-message-partial.h">
      <Filter>头文件</Filter>
    </ClInclude>
    <ClInclude Include="..\..\..\gmime\gmime\gmime-message.h">
      <Filter>头文件</Filter>
    </ClInclude>
    <ClInclude Include="..\..\..\gmime\gmime\gmime-multipart-encrypted.h">
      <Filter>头文件</Filter>
    </ClInclude>
    <ClInclude Include="..\..\..\gmime\gmime\gmime-multipart-signed.h">
      <Filter>头文件</Filter>
    </ClInclude>
    <ClInclude Include="..\..\..\gmime\gmime\gmime-multipart.h">
      <Filter>头文件</Filter>
    </ClInclude>
    <ClInclude Include="..\..\..\gmime\gmime\gmime-object.h">
      <Filter>头文件</Filter>
    </ClInclude>
    <ClInclude Include="..\..\..\gmime\gmime\gmime-param.h">
      <Filter>头文件</Filter>
    </ClInclude>
    <ClInclude Include="..\..\..\gmime\gmime\gmime-parse-utils.h">
      <Filter>头文件</Filter>
    </ClInclude>
    <ClInclude Include="..\..\..\gmime\gmime\gmime-parser-options.h">
      <Filter>头文件</Filter>
    </ClInclude>
    <ClInclude Include="..\..\..\gmime\gmime\gmime-parser.h">
      <Filter>头文件</Filter>
    </ClInclude>
    <ClInclude Include="..\..\..\gmime\gmime\gmime-part-iter.h">
      <Filter>头文件</Filter>
    </ClInclude>
    <ClInclude Include="..\..\..\gmime\gmime\gmime-part.h">
      <Filter>头文件</Filter>
    </ClInclude>
    <ClInclude Include="..\..\..\gmime\gmime\gmime-pkcs7-context.h">
      <Filter>头文件</Filter>
    </ClInclude>
    <ClInclude Include="..\..\..\gmime\gmime\gmime-signature.h">
      <Filter>头文件</Filter>
    </ClInclude>
    <ClInclude Include="..\..\..\gmime\gmime\gmime-stream-buffer.h">
      <Filter>头文件</Filter>
    </ClInclude>
    <ClInclude Include="..\..\..\gmime\gmime\gmime-stream-cat.h">
      <Filter>头文件</Filter>
    </ClInclude>
    <ClInclude Include="..\..\..\gmime\gmime\gmime-stream-file.h">
      <Filter>头文件</Filter>
    </ClInclude>
    <ClInclude Include="..\..\..\gmime\gmime\gmime-stream-filter.h">
      <Filter>头文件</Filter>
    </ClInclude>
    <ClInclude Include="..\..\..\gmime\gmime\gmime-stream-fs.h">
      <Filter>头文件</Filter>
    </ClInclude>
    <ClInclude Include="..\..\..\gmime\gmime\gmime-stream-gio.h">
      <Filter>头文件</Filter>
    </ClInclude>
    <ClInclude Include="..\..\..\gmime\gmime\gmime-stream-mem.h">
      <Filter>头文件</Filter>
    </ClInclude>
    <ClInclude Include="..\..\..\gmime\gmime\gmime-stream-mmap.h">
      <Filter>头文件</Filter>
    </ClInclude>
    <ClInclude Include="..\..\..\gmime\gmime\gmime-stream-null.h">
      <Filter>头文件</Filter>
    </ClInclude>
    <ClInclude Include="..\..\..\gmime\gmime\gmime-stream-pipe.h">
      <Filter>头文件</Filter>
    </ClInclude>
    <ClInclude Include="..\..\..\gmime\gmime\gmime-stream.h">
      <Filter>头文件</Filter>
    </ClInclude>
    <ClInclude Include="..\..\..\gmime\gmime\gmime-table-private.h">
      <Filter>头文件</Filter>
    </ClInclude>
    <ClInclude Include="..\..\..\gmime\gmime\gmime-text-part.h">
      <Filter>头文件</Filter>
    </ClInclude>
    <ClInclude Include="..\..\..\gmime\gmime\gmime-utils.h">
      <Filter>头文件</Filter>
    </ClInclude>
    <ClInclude Include="..\..\..\gmime\gmime\gmime.h">
      <Filter>头文件</Filter>
    </ClInclude>
    <ClInclude Include="..\..\..\gmime\gmime\internet-address.h">
      <Filter>头文件</Filter>
    </ClInclude>
  </ItemGroup>
</Project>