<?xml version="1.0" encoding="utf-8"?>
<Project ToolsVersion="4.0" xmlns="http://schemas.microsoft.com/developer/msbuild/2003">
  <ItemGroup>
    <Filter Include="源文件">
      <UniqueIdentifier>{4FC737F1-C7A5-4376-A066-2A32D752A2FF}</UniqueIdentifier>
      <Extensions>cpp;c;cc;cxx;c++;cppm;ixx;def;odl;idl;hpj;bat;asm;asmx</Extensions>
    </Filter>
    <Filter Include="头文件">
      <UniqueIdentifier>{93995380-89BD-4b04-88EB-625FBE52EBFB}</UniqueIdentifier>
      <Extensions>h;hh;hpp;hxx;h++;hm;inl;inc;ipp;xsd</Extensions>
    </Filter>
    <Filter Include="资源文件">
      <UniqueIdentifier>{67DA6AB6-F800-4c08-8B7A-83BB121AAD01}</UniqueIdentifier>
      <Extensions>rc;ico;cur;bmp;dlg;rc2;rct;bin;rgs;gif;jpg;jpeg;jpe;resx;tiff;tif;png;wav;mfcribbon-ms</Extensions>
    </Filter>
    <Filter Include="源文件\x86">
      <UniqueIdentifier>{b468372f-b5ad-4a12-886c-ae8ee7dee4b4}</UniqueIdentifier>
    </Filter>
  </ItemGroup>
  <ItemGroup>
    <ClInclude Include="..\..\..\libffi\include\ffi.h">
      <Filter>头文件</Filter>
    </ClInclude>
    <ClInclude Include="..\..\..\libffi\include\ffi_common.h">
      <Filter>头文件</Filter>
    </ClInclude>
    <ClInclude Include="..\..\..\libffi\include\fficonfig.h">
      <Filter>头文件</Filter>
    </ClInclude>
    <ClInclude Include="..\..\..\libffi\src\x86\ffitarget.h">
      <Filter>源文件\x86</Filter>
    </ClInclude>
  </ItemGroup>
  <ItemGroup>
    <ClCompile Include="..\..\..\libffi\src\closures.c">
      <Filter>源文件</Filter>
    </ClCompile>
    <ClCompile Include="..\..\..\libffi\src\debug.c">
      <Filter>源文件</Filter>
    </ClCompile>
    <ClCompile Include="..\..\..\libffi\src\prep_cif.c">
      <Filter>源文件</Filter>
    </ClCompile>
    <ClCompile Include="..\..\..\libffi\src\raw_api.c">
      <Filter>源文件</Filter>
    </ClCompile>
    <ClCompile Include="..\..\..\libffi\src\types.c">
      <Filter>源文件</Filter>
    </ClCompile>
    <ClCompile Include="..\..\..\libffi\src\x86\ffi.c">
      <Filter>源文件\x86</Filter>
    </ClCompile>
  </ItemGroup>
  <ItemGroup>
    <CustomBuild Include="..\..\..\libffi\src\x86\win32.asm">
      <Filter>源文件</Filter>
    </CustomBuild>
  </ItemGroup>
</Project>